
Microsoft Visual Studio Solution File, Format Version 12.00
# Visual Studio 2013
VisualStudioVersion = 12.0.21005.1
MinimumVisualStudioVersion = 10.0.40219.1
Project("{FAE04EC0-301F-11D3-BF4B-00C04F79EFBC}") = "Newgen", "Newgen\Newgen.csproj", "{C1BC0E44-5776-45EE-BC80-50458FFC10EE}"
EndProject
Project("{FAE04EC0-301F-11D3-BF4B-00C04F79EFBC}") = "Newgen.Base", "Newgen.Base\Newgen.Base.csproj", "{74CB342D-3D96-42D5-8B13-76306FE35380}"
EndProject
Project("{2150E333-8FDC-42A3-9474-1A3956D46DE8}") = "Widgets", "Widgets", "{C1A3AFE3-2630-454E-8DA2-B4188B8E3F2C}"
EndProject
Project("{FAE04EC0-301F-11D3-BF4B-00C04F79EFBC}") = "Clock", "Widgets\Clock\Clock.csproj", "{7B78A96A-367C-4FBE-AD99-B1016F16AA00}"
EndProject
Project("{FAE04EC0-301F-11D3-BF4B-00C04F79EFBC}") = "Weather", "Widgets\Weather\Weather.csproj", "{ADADAE80-72EA-4E8C-B5B5-4EFBEB1FAAF6}"
EndProject
Project("{FAE04EC0-301F-11D3-BF4B-00C04F79EFBC}") = "Me", "Widgets\Me\Me.csproj", "{77EADDD1-E296-4426-B66B-4031E9F07711}"
EndProject
Project("{FAE04EC0-301F-11D3-BF4B-00C04F79EFBC}") = "Pictures", "Widgets\Pictures\Pictures.csproj", "{4F88E6A7-42CC-4E86-91A7-B4CE5B53486A}"
EndProject
Project("{FAE04EC0-301F-11D3-BF4B-00C04F79EFBC}") = "Video", "Widgets\Video\Video.csproj", "{3BEEDE2E-DAE9-432C-8891-F881416B7249}"
EndProject
Project("{FAE04EC0-301F-11D3-BF4B-00C04F79EFBC}") = "Gmail", "Widgets\Gmail\Gmail.csproj", "{6DE753C7-198B-4934-BDD6-8142A215AA00}"
EndProject
Project("{FAE04EC0-301F-11D3-BF4B-00C04F79EFBC}") = "ControlPanel", "Widgets\ControlPanel\ControlPanel.csproj", "{D6E1726F-258E-4DE8-8473-21A2FCFB0B66}"
EndProject
Project("{FAE04EC0-301F-11D3-BF4B-00C04F79EFBC}") = "Desktop", "Widgets\Desktop\Desktop.csproj", "{1670225C-BAA3-49AC-A8D6-44D75A973B31}"
EndProject
Project("{FAE04EC0-301F-11D3-BF4B-00C04F79EFBC}") = "Twitter", "Widgets\Twitter\Twitter.csproj", "{A03D7F01-93CE-4955-B004-F66C0786BD26}"
EndProject
Project("{FAE04EC0-301F-11D3-BF4B-00C04F79EFBC}") = "Music", "Widgets\Music\Music.csproj", "{336A6B61-9345-4197-AC22-A1421242C455}"
EndProject
Project("{FAE04EC0-301F-11D3-BF4B-00C04F79EFBC}") = "Store", "Widgets\Store\Store.csproj", "{D69C56EC-DBFD-45A9-9764-7A87B76DD5E0}"
EndProject
Project("{FAE04EC0-301F-11D3-BF4B-00C04F79EFBC}") = "Computer", "Widgets\Computer\Computer.csproj", "{A9366B13-8377-4064-B780-56A1342AB1A6}"
EndProject
Project("{FAE04EC0-301F-11D3-BF4B-00C04F79EFBC}") = "Internet", "Widgets\Internet\Internet.csproj", "{CFAEFA4F-6D32-476C-A379-FD5006200928}"
EndProject
Project("{FAE04EC0-301F-11D3-BF4B-00C04F79EFBC}") = "Hotmail", "Widgets\Hotmail\Hotmail.csproj", "{F555939B-7F42-4AEB-8E6C-A974E572A7FE}"
EndProject
Project("{FAE04EC0-301F-11D3-BF4B-00C04F79EFBC}") = "Calendar", "Widgets\Calendar\Calendar.csproj", "{6054346A-1292-40EB-8FB5-53930411F5DE}"
EndProject
Project("{FAE04EC0-301F-11D3-BF4B-00C04F79EFBC}") = "Socialite", "Widgets\Socialite\Socialite.csproj", "{B76F97DB-264C-4848-9290-4B97D6A9EF63}"
EndProject
Project("{FAE04EC0-301F-11D3-BF4B-00C04F79EFBC}") = "CPUMonitor", "Widgets\CPUMonitor\CPUMonitor.csproj", "{6094F7E6-7831-499F-AFDB-C7D613B6EF66}"
EndProject
Project("{FAE04EC0-301F-11D3-BF4B-00C04F79EFBC}") = "Quotes", "Widgets\Quotes\Quotes.csproj", "{B4AB159B-77D8-4B7A-A143-64863B785FF1}"
EndProject
Project("{2150E333-8FDC-42A3-9474-1A3956D46DE8}") = "API", "API", "{FFF92D80-76C9-494A-B88A-C63342BFE69E}"
EndProject
Project("{2150E333-8FDC-42A3-9474-1A3956D46DE8}") = "Packs", "Packs", "{726A64B8-A5AE-426E-9A3A-79C1623DBFCB}"
EndProject
Project("{FAE04EC0-301F-11D3-BF4B-00C04F79EFBC}") = "QuickNotes", "Widgets\QuickNotes\QuickNotes.csproj", "{FB03A010-59DE-4E35-93AC-70B3CEDA4A09}"
EndProject
Global
	GlobalSection(SolutionConfigurationPlatforms) = preSolution
		Build|Any CPU = Build|Any CPU
		Widget|Any CPU = Widget|Any CPU
	EndGlobalSection
	GlobalSection(ProjectConfigurationPlatforms) = postSolution
		{C1BC0E44-5776-45EE-BC80-50458FFC10EE}.Build|Any CPU.ActiveCfg = Build|Any CPU
		{C1BC0E44-5776-45EE-BC80-50458FFC10EE}.Build|Any CPU.Build.0 = Build|Any CPU
		{C1BC0E44-5776-45EE-BC80-50458FFC10EE}.Widget|Any CPU.ActiveCfg = Build|Any CPU
		{74CB342D-3D96-42D5-8B13-76306FE35380}.Build|Any CPU.ActiveCfg = Build|Any CPU
		{74CB342D-3D96-42D5-8B13-76306FE35380}.Widget|Any CPU.ActiveCfg = Build|Any CPU
		{7B78A96A-367C-4FBE-AD99-B1016F16AA00}.Build|Any CPU.ActiveCfg = Widget|Any CPU
		{7B78A96A-367C-4FBE-AD99-B1016F16AA00}.Widget|Any CPU.ActiveCfg = Widget|Any CPU
		{7B78A96A-367C-4FBE-AD99-B1016F16AA00}.Widget|Any CPU.Build.0 = Widget|Any CPU
		{ADADAE80-72EA-4E8C-B5B5-4EFBEB1FAAF6}.Build|Any CPU.ActiveCfg = Widget|Any CPU
		{ADADAE80-72EA-4E8C-B5B5-4EFBEB1FAAF6}.Widget|Any CPU.ActiveCfg = Widget|Any CPU
		{ADADAE80-72EA-4E8C-B5B5-4EFBEB1FAAF6}.Widget|Any CPU.Build.0 = Widget|Any CPU
		{77EADDD1-E296-4426-B66B-4031E9F07711}.Build|Any CPU.ActiveCfg = Widget|Any CPU
		{77EADDD1-E296-4426-B66B-4031E9F07711}.Widget|Any CPU.ActiveCfg = Widget|Any CPU
		{77EADDD1-E296-4426-B66B-4031E9F07711}.Widget|Any CPU.Build.0 = Widget|Any CPU
		{4F88E6A7-42CC-4E86-91A7-B4CE5B53486A}.Build|Any CPU.ActiveCfg = Widget|Any CPU
		{4F88E6A7-42CC-4E86-91A7-B4CE5B53486A}.Widget|Any CPU.ActiveCfg = Widget|Any CPU
		{4F88E6A7-42CC-4E86-91A7-B4CE5B53486A}.Widget|Any CPU.Build.0 = Widget|Any CPU
		{3BEEDE2E-DAE9-432C-8891-F881416B7249}.Build|Any CPU.ActiveCfg = Widget|Any CPU
		{3BEEDE2E-DAE9-432C-8891-F881416B7249}.Widget|Any CPU.ActiveCfg = Widget|Any CPU
		{3BEEDE2E-DAE9-432C-8891-F881416B7249}.Widget|Any CPU.Build.0 = Widget|Any CPU
		{6DE753C7-198B-4934-BDD6-8142A215AA00}.Build|Any CPU.ActiveCfg = Widget|Any CPU
		{6DE753C7-198B-4934-BDD6-8142A215AA00}.Widget|Any CPU.ActiveCfg = Widget|Any CPU
		{6DE753C7-198B-4934-BDD6-8142A215AA00}.Widget|Any CPU.Build.0 = Widget|Any CPU
		{D6E1726F-258E-4DE8-8473-21A2FCFB0B66}.Build|Any CPU.ActiveCfg = Widget|Any CPU
		{D6E1726F-258E-4DE8-8473-21A2FCFB0B66}.Widget|Any CPU.ActiveCfg = Widget|Any CPU
		{D6E1726F-258E-4DE8-8473-21A2FCFB0B66}.Widget|Any CPU.Build.0 = Widget|Any CPU
		{1670225C-BAA3-49AC-A8D6-44D75A973B31}.Build|Any CPU.ActiveCfg = Widget|Any CPU
		{1670225C-BAA3-49AC-A8D6-44D75A973B31}.Widget|Any CPU.ActiveCfg = Widget|Any CPU
		{1670225C-BAA3-49AC-A8D6-44D75A973B31}.Widget|Any CPU.Build.0 = Widget|Any CPU
		{A03D7F01-93CE-4955-B004-F66C0786BD26}.Build|Any CPU.ActiveCfg = Widget|Any CPU
		{A03D7F01-93CE-4955-B004-F66C0786BD26}.Widget|Any CPU.ActiveCfg = Widget|Any CPU
		{A03D7F01-93CE-4955-B004-F66C0786BD26}.Widget|Any CPU.Build.0 = Widget|Any CPU
		{336A6B61-9345-4197-AC22-A1421242C455}.Build|Any CPU.ActiveCfg = Widget|Any CPU
		{336A6B61-9345-4197-AC22-A1421242C455}.Widget|Any CPU.ActiveCfg = Widget|Any CPU
		{336A6B61-9345-4197-AC22-A1421242C455}.Widget|Any CPU.Build.0 = Widget|Any CPU
		{D69C56EC-DBFD-45A9-9764-7A87B76DD5E0}.Build|Any CPU.ActiveCfg = Widget|Any CPU
		{D69C56EC-DBFD-45A9-9764-7A87B76DD5E0}.Widget|Any CPU.ActiveCfg = Widget|Any CPU
		{D69C56EC-DBFD-45A9-9764-7A87B76DD5E0}.Widget|Any CPU.Build.0 = Widget|Any CPU
		{A9366B13-8377-4064-B780-56A1342AB1A6}.Build|Any CPU.ActiveCfg = Widget|Any CPU
		{A9366B13-8377-4064-B780-56A1342AB1A6}.Widget|Any CPU.ActiveCfg = Widget|Any CPU
		{A9366B13-8377-4064-B780-56A1342AB1A6}.Widget|Any CPU.Build.0 = Widget|Any CPU
		{CFAEFA4F-6D32-476C-A379-FD5006200928}.Build|Any CPU.ActiveCfg = Widget|Any CPU
		{CFAEFA4F-6D32-476C-A379-FD5006200928}.Widget|Any CPU.ActiveCfg = Widget|Any CPU
		{CFAEFA4F-6D32-476C-A379-FD5006200928}.Widget|Any CPU.Build.0 = Widget|Any CPU
		{F555939B-7F42-4AEB-8E6C-A974E572A7FE}.Build|Any CPU.ActiveCfg = Widget|Any CPU
		{F555939B-7F42-4AEB-8E6C-A974E572A7FE}.Widget|Any CPU.ActiveCfg = Widget|Any CPU
		{F555939B-7F42-4AEB-8E6C-A974E572A7FE}.Widget|Any CPU.Build.0 = Widget|Any CPU
		{6054346A-1292-40EB-8FB5-53930411F5DE}.Build|Any CPU.ActiveCfg = Widget|Any CPU
		{6054346A-1292-40EB-8FB5-53930411F5DE}.Widget|Any CPU.ActiveCfg = Widget|Any CPU
		{6054346A-1292-40EB-8FB5-53930411F5DE}.Widget|Any CPU.Build.0 = Widget|Any CPU
		{B76F97DB-264C-4848-9290-4B97D6A9EF63}.Build|Any CPU.ActiveCfg = Widget|Any CPU
		{B76F97DB-264C-4848-9290-4B97D6A9EF63}.Widget|Any CPU.ActiveCfg = Widget|Any CPU
		{B76F97DB-264C-4848-9290-4B97D6A9EF63}.Widget|Any CPU.Build.0 = Widget|Any CPU
		{6094F7E6-7831-499F-AFDB-C7D613B6EF66}.Build|Any CPU.ActiveCfg = Widget|Any CPU
		{6094F7E6-7831-499F-AFDB-C7D613B6EF66}.Widget|Any CPU.ActiveCfg = Widget|Any CPU
		{6094F7E6-7831-499F-AFDB-C7D613B6EF66}.Widget|Any CPU.Build.0 = Widget|Any CPU
		{B4AB159B-77D8-4B7A-A143-64863B785FF1}.Build|Any CPU.ActiveCfg = Widget|Any CPU
		{B4AB159B-77D8-4B7A-A143-64863B785FF1}.Widget|Any CPU.ActiveCfg = Widget|Any CPU
		{B4AB159B-77D8-4B7A-A143-64863B785FF1}.Widget|Any CPU.Build.0 = Widget|Any CPU
		{FB03A010-59DE-4E35-93AC-70B3CEDA4A09}.Build|Any CPU.ActiveCfg = Widget|Any CPU
		{FB03A010-59DE-4E35-93AC-70B3CEDA4A09}.Widget|Any CPU.ActiveCfg = Widget|Any CPU
		{FB03A010-59DE-4E35-93AC-70B3CEDA4A09}.Widget|Any CPU.Build.0 = Widget|Any CPU
	EndGlobalSection
	GlobalSection(SolutionProperties) = preSolution
		HideSolutionNode = FALSE
	EndGlobalSection
	GlobalSection(NestedProjects) = preSolution
		{C1BC0E44-5776-45EE-BC80-50458FFC10EE} = {726A64B8-A5AE-426E-9A3A-79C1623DBFCB}
		{74CB342D-3D96-42D5-8B13-76306FE35380} = {FFF92D80-76C9-494A-B88A-C63342BFE69E}
		{7B78A96A-367C-4FBE-AD99-B1016F16AA00} = {C1A3AFE3-2630-454E-8DA2-B4188B8E3F2C}
		{ADADAE80-72EA-4E8C-B5B5-4EFBEB1FAAF6} = {C1A3AFE3-2630-454E-8DA2-B4188B8E3F2C}
		{77EADDD1-E296-4426-B66B-4031E9F07711} = {C1A3AFE3-2630-454E-8DA2-B4188B8E3F2C}
		{4F88E6A7-42CC-4E86-91A7-B4CE5B53486A} = {C1A3AFE3-2630-454E-8DA2-B4188B8E3F2C}
		{3BEEDE2E-DAE9-432C-8891-F881416B7249} = {C1A3AFE3-2630-454E-8DA2-B4188B8E3F2C}
		{6DE753C7-198B-4934-BDD6-8142A215AA00} = {C1A3AFE3-2630-454E-8DA2-B4188B8E3F2C}
		{D6E1726F-258E-4DE8-8473-21A2FCFB0B66} = {C1A3AFE3-2630-454E-8DA2-B4188B8E3F2C}
		{1670225C-BAA3-49AC-A8D6-44D75A973B31} = {C1A3AFE3-2630-454E-8DA2-B4188B8E3F2C}
		{A03D7F01-93CE-4955-B004-F66C0786BD26} = {C1A3AFE3-2630-454E-8DA2-B4188B8E3F2C}
		{336A6B61-9345-4197-AC22-A1421242C455} = {C1A3AFE3-2630-454E-8DA2-B4188B8E3F2C}
		{D69C56EC-DBFD-45A9-9764-7A87B76DD5E0} = {C1A3AFE3-2630-454E-8DA2-B4188B8E3F2C}
		{A9366B13-8377-4064-B780-56A1342AB1A6} = {C1A3AFE3-2630-454E-8DA2-B4188B8E3F2C}
		{CFAEFA4F-6D32-476C-A379-FD5006200928} = {C1A3AFE3-2630-454E-8DA2-B4188B8E3F2C}
		{F555939B-7F42-4AEB-8E6C-A974E572A7FE} = {C1A3AFE3-2630-454E-8DA2-B4188B8E3F2C}
		{6054346A-1292-40EB-8FB5-53930411F5DE} = {C1A3AFE3-2630-454E-8DA2-B4188B8E3F2C}
		{B76F97DB-264C-4848-9290-4B97D6A9EF63} = {C1A3AFE3-2630-454E-8DA2-B4188B8E3F2C}
		{6094F7E6-7831-499F-AFDB-C7D613B6EF66} = {C1A3AFE3-2630-454E-8DA2-B4188B8E3F2C}
		{B4AB159B-77D8-4B7A-A143-64863B785FF1} = {C1A3AFE3-2630-454E-8DA2-B4188B8E3F2C}
		{FB03A010-59DE-4E35-93AC-70B3CEDA4A09} = {C1A3AFE3-2630-454E-8DA2-B4188B8E3F2C}
	EndGlobalSection
EndGlobal
