
Microsoft Visual Studio Solution File, Format Version 12.00
# Visual Studio 2013
VisualStudioVersion = 12.0.30501.0
MinimumVisualStudioVersion = 10.0.40219.1
Project("{2150E333-8FDC-42A3-9474-1A3956D46DE8}") = "Solution Items", "Solution Items", "{1119EDC1-147F-4604-9EBF-FB028B0C1125}"
	ProjectSection(SolutionItems) = preProject
		..\Resources\Notes.md = ..\Resources\Notes.md
	EndProjectSection
EndProject
Project("{2150E333-8FDC-42A3-9474-1A3956D46DE8}") = ".nuget", ".nuget", "{16C580F9-6F08-4C42-AC69-7A3FB305E019}"
	ProjectSection(SolutionItems) = preProject
		.nuget\NuGet.Config = .nuget\NuGet.Config
		.nuget\NuGet.exe = .nuget\NuGet.exe
		.nuget\NuGet.targets = .nuget\NuGet.targets
	EndProjectSection
EndProject
Project("{FAE04EC0-301F-11D3-BF4B-00C04F79EFBC}") = "Api", "Api\Api.csproj", "{74CB342D-3D96-42D5-8B13-76306FE35380}"
EndProject
Project("{2150E333-8FDC-42A3-9474-1A3956D46DE8}") = "Application", "Application", "{F1606E8A-3BED-43D0-8C1D-DC8DF23CE29F}"
EndProject
Project("{2150E333-8FDC-42A3-9474-1A3956D46DE8}") = "Api", "Api", "{B43C4E9C-358E-4A5C-B1DA-235AB5077169}"
EndProject
Project("{FAE04EC0-301F-11D3-BF4B-00C04F79EFBC}") = "Application", "Application\Application.csproj", "{79B4C045-E7E8-4C24-B3F0-D991C6B2779B}"
EndProject
Project("{2150E333-8FDC-42A3-9474-1A3956D46DE8}") = "Packages", "Packages", "{C6022E3A-D499-4067-908B-ED7A69F03086}"
EndProject
Project("{FAE04EC0-301F-11D3-BF4B-00C04F79EFBC}") = "WeatherPackage", "Packages\WeatherPackage\WeatherPackage.csproj", "{ADADAE80-72EA-4E8C-B5B5-4EFBEB1FAAF6}"
EndProject
Project("{FAE04EC0-301F-11D3-BF4B-00C04F79EFBC}") = "ClockPackage", "Packages\ClockPackage\ClockPackage.csproj", "{7B78A96A-367C-4FBE-AD99-B1016F16AA00}"
EndProject
Project("{FAE04EC0-301F-11D3-BF4B-00C04F79EFBC}") = "TodayPackage", "Packages\TodayPackage\TodayPackage.csproj", "{B4AB159B-77D8-4B7A-A143-64863B785FF1}"
EndProject
Project("{FAE04EC0-301F-11D3-BF4B-00C04F79EFBC}") = "ComputerPackage", "Packages\ComputerPackage\ComputerPackage.csproj", "{A9366B13-8377-4064-B780-56A1342AB1A6}"
EndProject
Project("{FAE04EC0-301F-11D3-BF4B-00C04F79EFBC}") = "CPUMonitorPackage", "Packages\CPUMonitorPackage\CPUMonitorPackage.csproj", "{6094F7E6-7831-499F-AFDB-C7D613B6EF66}"
EndProject
Project("{FAE04EC0-301F-11D3-BF4B-00C04F79EFBC}") = "DesktopPackage", "Packages\DesktopPackage\DesktopPackage.csproj", "{1670225C-BAA3-49AC-A8D6-44D75A973B31}"
EndProject
Global
	GlobalSection(SolutionConfigurationPlatforms) = preSolution
		Debug|Any CPU = Debug|Any CPU
		Release|Any CPU = Release|Any CPU
	EndGlobalSection
	GlobalSection(ProjectConfigurationPlatforms) = postSolution
		{74CB342D-3D96-42D5-8B13-76306FE35380}.Debug|Any CPU.ActiveCfg = Debug|Any CPU
		{74CB342D-3D96-42D5-8B13-76306FE35380}.Debug|Any CPU.Build.0 = Debug|Any CPU
		{74CB342D-3D96-42D5-8B13-76306FE35380}.Release|Any CPU.ActiveCfg = Release|Any CPU
		{74CB342D-3D96-42D5-8B13-76306FE35380}.Release|Any CPU.Build.0 = Release|Any CPU
		{79B4C045-E7E8-4C24-B3F0-D991C6B2779B}.Debug|Any CPU.ActiveCfg = Debug|Any CPU
		{79B4C045-E7E8-4C24-B3F0-D991C6B2779B}.Debug|Any CPU.Build.0 = Debug|Any CPU
		{79B4C045-E7E8-4C24-B3F0-D991C6B2779B}.Release|Any CPU.ActiveCfg = Release|Any CPU
		{79B4C045-E7E8-4C24-B3F0-D991C6B2779B}.Release|Any CPU.Build.0 = Release|Any CPU
		{ADADAE80-72EA-4E8C-B5B5-4EFBEB1FAAF6}.Debug|Any CPU.ActiveCfg = Debug|Any CPU
		{ADADAE80-72EA-4E8C-B5B5-4EFBEB1FAAF6}.Debug|Any CPU.Build.0 = Debug|Any CPU
		{ADADAE80-72EA-4E8C-B5B5-4EFBEB1FAAF6}.Release|Any CPU.ActiveCfg = Release|Any CPU
		{ADADAE80-72EA-4E8C-B5B5-4EFBEB1FAAF6}.Release|Any CPU.Build.0 = Release|Any CPU
		{7B78A96A-367C-4FBE-AD99-B1016F16AA00}.Debug|Any CPU.ActiveCfg = Debug|Any CPU
		{7B78A96A-367C-4FBE-AD99-B1016F16AA00}.Debug|Any CPU.Build.0 = Debug|Any CPU
		{7B78A96A-367C-4FBE-AD99-B1016F16AA00}.Release|Any CPU.ActiveCfg = Release|Any CPU
		{7B78A96A-367C-4FBE-AD99-B1016F16AA00}.Release|Any CPU.Build.0 = Release|Any CPU
		{B4AB159B-77D8-4B7A-A143-64863B785FF1}.Debug|Any CPU.ActiveCfg = Debug|Any CPU
		{B4AB159B-77D8-4B7A-A143-64863B785FF1}.Debug|Any CPU.Build.0 = Debug|Any CPU
		{B4AB159B-77D8-4B7A-A143-64863B785FF1}.Release|Any CPU.ActiveCfg = Release|Any CPU
		{B4AB159B-77D8-4B7A-A143-64863B785FF1}.Release|Any CPU.Build.0 = Release|Any CPU
		{A9366B13-8377-4064-B780-56A1342AB1A6}.Debug|Any CPU.ActiveCfg = Debug|Any CPU
		{A9366B13-8377-4064-B780-56A1342AB1A6}.Debug|Any CPU.Build.0 = Debug|Any CPU
		{A9366B13-8377-4064-B780-56A1342AB1A6}.Release|Any CPU.ActiveCfg = Release|Any CPU
		{A9366B13-8377-4064-B780-56A1342AB1A6}.Release|Any CPU.Build.0 = Release|Any CPU
		{6094F7E6-7831-499F-AFDB-C7D613B6EF66}.Debug|Any CPU.ActiveCfg = Debug|Any CPU
		{6094F7E6-7831-499F-AFDB-C7D613B6EF66}.Debug|Any CPU.Build.0 = Debug|Any CPU
		{6094F7E6-7831-499F-AFDB-C7D613B6EF66}.Release|Any CPU.ActiveCfg = Release|Any CPU
		{6094F7E6-7831-499F-AFDB-C7D613B6EF66}.Release|Any CPU.Build.0 = Release|Any CPU
		{1670225C-BAA3-49AC-A8D6-44D75A973B31}.Debug|Any CPU.ActiveCfg = Debug|Any CPU
		{1670225C-BAA3-49AC-A8D6-44D75A973B31}.Debug|Any CPU.Build.0 = Debug|Any CPU
		{1670225C-BAA3-49AC-A8D6-44D75A973B31}.Release|Any CPU.ActiveCfg = Release|Any CPU
		{1670225C-BAA3-49AC-A8D6-44D75A973B31}.Release|Any CPU.Build.0 = Release|Any CPU
	EndGlobalSection
	GlobalSection(SolutionProperties) = preSolution
		HideSolutionNode = FALSE
	EndGlobalSection
	GlobalSection(NestedProjects) = preSolution
		{74CB342D-3D96-42D5-8B13-76306FE35380} = {B43C4E9C-358E-4A5C-B1DA-235AB5077169}
		{79B4C045-E7E8-4C24-B3F0-D991C6B2779B} = {F1606E8A-3BED-43D0-8C1D-DC8DF23CE29F}
		{ADADAE80-72EA-4E8C-B5B5-4EFBEB1FAAF6} = {C6022E3A-D499-4067-908B-ED7A69F03086}
		{7B78A96A-367C-4FBE-AD99-B1016F16AA00} = {C6022E3A-D499-4067-908B-ED7A69F03086}
		{B4AB159B-77D8-4B7A-A143-64863B785FF1} = {C6022E3A-D499-4067-908B-ED7A69F03086}
		{A9366B13-8377-4064-B780-56A1342AB1A6} = {C6022E3A-D499-4067-908B-ED7A69F03086}
		{6094F7E6-7831-499F-AFDB-C7D613B6EF66} = {C6022E3A-D499-4067-908B-ED7A69F03086}
		{1670225C-BAA3-49AC-A8D6-44D75A973B31} = {C6022E3A-D499-4067-908B-ED7A69F03086}
	EndGlobalSection
EndGlobal
